
Microsoft Visual Studio Solution File, Format Version 12.00
# Visual Studio 15
VisualStudioVersion = 15.0.28307.1209
MinimumVisualStudioVersion = 10.0.40219.1
Project("{FAE04EC0-301F-11D3-BF4B-00C04F79EFBC}") = "CharCountInString", "CharCountInString\CharCountInString.csproj", "{A533497D-1679-4E61-947B-DC977CCCD48F}"
EndProject
Global
	GlobalSection(SolutionConfigurationPlatforms) = preSolution
		Debug|Any CPU = Debug|Any CPU
		Release|Any CPU = Release|Any CPU
	EndGlobalSection
	GlobalSection(ProjectConfigurationPlatforms) = postSolution
		{A533497D-1679-4E61-947B-DC977CCCD48F}.Debug|Any CPU.ActiveCfg = Debug|Any CPU
		{A533497D-1679-4E61-947B-DC977CCCD48F}.Debug|Any CPU.Build.0 = Debug|Any CPU
		{A533497D-1679-4E61-947B-DC977CCCD48F}.Release|Any CPU.ActiveCfg = Release|Any CPU
		{A533497D-1679-4E61-947B-DC977CCCD48F}.Release|Any CPU.Build.0 = Release|Any CPU
	EndGlobalSection
	GlobalSection(SolutionProperties) = preSolution
		HideSolutionNode = FALSE
	EndGlobalSection
	GlobalSection(ExtensibilityGlobals) = postSolution
		SolutionGuid = {7FED1481-292B-4AE3-ADD3-AE0D9E459C6E}
	EndGlobalSection
EndGlobal
